
Microsoft Visual Studio Solution File, Format Version 12.00
# Visual Studio Version 17
VisualStudioVersion = 17.9.34728.123
MinimumVisualStudioVersion = 10.0.40219.1
Project("{FAE04EC0-301F-11D3-BF4B-00C04F79EFBC}") = "Lab_7_Task_1", "Lab_7_Task_1\Lab_7_Task_1.csproj", "{F4131CD1-D3C9-4FCD-95D6-834638914E6F}"
EndProject
Global
	GlobalSection(SolutionConfigurationPlatforms) = preSolution
		Debug|Any CPU = Debug|Any CPU
		Release|Any CPU = Release|Any CPU
	EndGlobalSection
	GlobalSection(ProjectConfigurationPlatforms) = postSolution
		{F4131CD1-D3C9-4FCD-95D6-834638914E6F}.Debug|Any CPU.ActiveCfg = Debug|Any CPU
		{F4131CD1-D3C9-4FCD-95D6-834638914E6F}.Debug|Any CPU.Build.0 = Debug|Any CPU
		{F4131CD1-D3C9-4FCD-95D6-834638914E6F}.Release|Any CPU.ActiveCfg = Release|Any CPU
		{F4131CD1-D3C9-4FCD-95D6-834638914E6F}.Release|Any CPU.Build.0 = Release|Any CPU
	EndGlobalSection
	GlobalSection(SolutionProperties) = preSolution
		HideSolutionNode = FALSE
	EndGlobalSection
	GlobalSection(ExtensibilityGlobals) = postSolution
		SolutionGuid = {E4BA8760-65E6-439A-A47F-FEFE7A432134}
	EndGlobalSection
EndGlobal
